
Microsoft Visual Studio Solution File, Format Version 11.00
# Visual Studio 2010
Project("{FAE04EC0-301F-11D3-BF4B-00C04F79EFBC}") = "biyongheng", "biyongheng\biyongheng.csproj", "{9355F5A8-5E59-4CCA-8521-7AB1F2051E44}"
EndProject
Project("{54435603-DBB4-11D2-8724-00A0C9A8B90C}") = "setup", "setup\setup.vdproj", "{AD22C95C-75E7-487A-98FE-22847935B63E}"
EndProject
Global
	GlobalSection(SolutionConfigurationPlatforms) = preSolution
		Debug|x86 = Debug|x86
		Release|x86 = Release|x86
	EndGlobalSection
	GlobalSection(ProjectConfigurationPlatforms) = postSolution
		{9355F5A8-5E59-4CCA-8521-7AB1F2051E44}.Debug|x86.ActiveCfg = Debug|x86
		{9355F5A8-5E59-4CCA-8521-7AB1F2051E44}.Debug|x86.Build.0 = Debug|x86
		{9355F5A8-5E59-4CCA-8521-7AB1F2051E44}.Release|x86.ActiveCfg = Release|x86
		{9355F5A8-5E59-4CCA-8521-7AB1F2051E44}.Release|x86.Build.0 = Release|x86
		{AD22C95C-75E7-487A-98FE-22847935B63E}.Debug|x86.ActiveCfg = Debug
		{AD22C95C-75E7-487A-98FE-22847935B63E}.Release|x86.ActiveCfg = Release
	EndGlobalSection
	GlobalSection(SolutionProperties) = preSolution
		HideSolutionNode = FALSE
	EndGlobalSection
EndGlobal
